
Microsoft Visual Studio Solution File, Format Version 12.00
# Visual Studio 15
VisualStudioVersion = 15.0.28307.421
MinimumVisualStudioVersion = 10.0.40219.1
Project("{9A19103F-16F7-4668-BE54-9A1E7A4F7556}") = "QuantBlackTrading", "QuantBlackTrading\QuantBlackTrading.csproj", "{A2874205-6791-4974-9B02-864075B7F025}"
EndProject
Project("{9A19103F-16F7-4668-BE54-9A1E7A4F7556}") = "XUnitTests", "XUnitTests\XUnitTests.csproj", "{42663B57-DA6A-46EB-A40D-C612BF99D499}"
EndProject
Project("{9A19103F-16F7-4668-BE54-9A1E7A4F7556}") = "TestStrategy", "TestStrategy\TestStrategy.csproj", "{C920934F-8E91-4051-88C7-97E710A457C2}"
EndProject
Global
	GlobalSection(SolutionConfigurationPlatforms) = preSolution
		Debug|Any CPU = Debug|Any CPU
		Release|Any CPU = Release|Any CPU
	EndGlobalSection
	GlobalSection(ProjectConfigurationPlatforms) = postSolution
		{A2874205-6791-4974-9B02-864075B7F025}.Debug|Any CPU.ActiveCfg = Debug|Any CPU
		{A2874205-6791-4974-9B02-864075B7F025}.Debug|Any CPU.Build.0 = Debug|Any CPU
		{A2874205-6791-4974-9B02-864075B7F025}.Release|Any CPU.ActiveCfg = Release|Any CPU
		{A2874205-6791-4974-9B02-864075B7F025}.Release|Any CPU.Build.0 = Release|Any CPU
		{42663B57-DA6A-46EB-A40D-C612BF99D499}.Debug|Any CPU.ActiveCfg = Debug|Any CPU
		{42663B57-DA6A-46EB-A40D-C612BF99D499}.Debug|Any CPU.Build.0 = Debug|Any CPU
		{42663B57-DA6A-46EB-A40D-C612BF99D499}.Release|Any CPU.ActiveCfg = Release|Any CPU
		{42663B57-DA6A-46EB-A40D-C612BF99D499}.Release|Any CPU.Build.0 = Release|Any CPU
		{C920934F-8E91-4051-88C7-97E710A457C2}.Debug|Any CPU.ActiveCfg = Debug|Any CPU
		{C920934F-8E91-4051-88C7-97E710A457C2}.Debug|Any CPU.Build.0 = Debug|Any CPU
		{C920934F-8E91-4051-88C7-97E710A457C2}.Release|Any CPU.ActiveCfg = Release|Any CPU
		{C920934F-8E91-4051-88C7-97E710A457C2}.Release|Any CPU.Build.0 = Release|Any CPU
	EndGlobalSection
	GlobalSection(SolutionProperties) = preSolution
		HideSolutionNode = FALSE
	EndGlobalSection
	GlobalSection(ExtensibilityGlobals) = postSolution
		SolutionGuid = {1A93D710-BA1B-4733-AB34-F331F26CBCCB}
	EndGlobalSection
EndGlobal
